
Microsoft Visual Studio Solution File, Format Version 11.00
# Visual Studio 2010
Project("{FAE04EC0-301F-11D3-BF4B-00C04F79EFBC}") = "Assembly-CSharp", "Assembly-CSharp.csproj", "{58B6AF6A-AAE8-B474-F477-AE579756CB23}"
EndProject
Project("{FAE04EC0-301F-11D3-BF4B-00C04F79EFBC}") = "PhotonUnityNetworking.Utilities", "PhotonUnityNetworking.Utilities.csproj", "{0BD7DE41-AAF9-8053-B5AB-61C80421660C}"
EndProject
Project("{FAE04EC0-301F-11D3-BF4B-00C04F79EFBC}") = "PhotonChat", "PhotonChat.csproj", "{3A0DFC45-630F-FA60-7C3E-107FB0FB8709}"
EndProject
Project("{FAE04EC0-301F-11D3-BF4B-00C04F79EFBC}") = "PhotonUnityNetworking", "PhotonUnityNetworking.csproj", "{A373C782-A2CE-7F41-4150-4DF32758BF80}"
EndProject
Project("{FAE04EC0-301F-11D3-BF4B-00C04F79EFBC}") = "PhotonRealtime", "PhotonRealtime.csproj", "{FB0632B0-FD1F-47B1-9DA5-EECA031CF54C}"
EndProject
Project("{FAE04EC0-301F-11D3-BF4B-00C04F79EFBC}") = "PhotonWebSocket", "PhotonWebSocket.csproj", "{B78DE255-0F22-CC5C-3B3B-165BFC188705}"
EndProject
Project("{FAE04EC0-301F-11D3-BF4B-00C04F79EFBC}") = "Assembly-CSharp-firstpass", "Assembly-CSharp-firstpass.csproj", "{30FB32DB-78AD-E72C-F468-7D4BBEA9C6DC}"
EndProject
Project("{FAE04EC0-301F-11D3-BF4B-00C04F79EFBC}") = "Assembly-CSharp-Editor", "Assembly-CSharp-Editor.csproj", "{88D59318-6A4D-225D-05E7-939B94424220}"
EndProject
Project("{FAE04EC0-301F-11D3-BF4B-00C04F79EFBC}") = "PhotonUnityNetworking.Editor", "PhotonUnityNetworking.Editor.csproj", "{CED9D858-ABD8-6F53-5A6B-4E05E856DAFC}"
EndProject
Project("{FAE04EC0-301F-11D3-BF4B-00C04F79EFBC}") = "PhotonUnityNetworking.Utilities.PhotonPlayer.Editor", "PhotonUnityNetworking.Utilities.PhotonPlayer.Editor.csproj", "{DABD6AA9-C1BF-8D88-1E15-4C7978355A10}"
EndProject
Project("{FAE04EC0-301F-11D3-BF4B-00C04F79EFBC}") = "PhotonUnityNetworking.Utilities.Culling.Editor", "PhotonUnityNetworking.Utilities.Culling.Editor.csproj", "{6F4F73D5-6FE8-280D-0835-58A9FF8E9E9E}"
EndProject
Global
	GlobalSection(SolutionConfigurationPlatforms) = preSolution
		Debug|Any CPU = Debug|Any CPU
		Release|Any CPU = Release|Any CPU
	EndGlobalSection
	GlobalSection(ProjectConfigurationPlatforms) = postSolution
		{58B6AF6A-AAE8-B474-F477-AE579756CB23}.Debug|Any CPU.ActiveCfg = Debug|Any CPU
		{58B6AF6A-AAE8-B474-F477-AE579756CB23}.Debug|Any CPU.Build.0 = Debug|Any CPU
		{58B6AF6A-AAE8-B474-F477-AE579756CB23}.Release|Any CPU.ActiveCfg = Release|Any CPU
		{58B6AF6A-AAE8-B474-F477-AE579756CB23}.Release|Any CPU.Build.0 = Release|Any CPU
		{0BD7DE41-AAF9-8053-B5AB-61C80421660C}.Debug|Any CPU.ActiveCfg = Debug|Any CPU
		{0BD7DE41-AAF9-8053-B5AB-61C80421660C}.Debug|Any CPU.Build.0 = Debug|Any CPU
		{0BD7DE41-AAF9-8053-B5AB-61C80421660C}.Release|Any CPU.ActiveCfg = Release|Any CPU
		{0BD7DE41-AAF9-8053-B5AB-61C80421660C}.Release|Any CPU.Build.0 = Release|Any CPU
		{3A0DFC45-630F-FA60-7C3E-107FB0FB8709}.Debug|Any CPU.ActiveCfg = Debug|Any CPU
		{3A0DFC45-630F-FA60-7C3E-107FB0FB8709}.Debug|Any CPU.Build.0 = Debug|Any CPU
		{3A0DFC45-630F-FA60-7C3E-107FB0FB8709}.Release|Any CPU.ActiveCfg = Release|Any CPU
		{3A0DFC45-630F-FA60-7C3E-107FB0FB8709}.Release|Any CPU.Build.0 = Release|Any CPU
		{A373C782-A2CE-7F41-4150-4DF32758BF80}.Debug|Any CPU.ActiveCfg = Debug|Any CPU
		{A373C782-A2CE-7F41-4150-4DF32758BF80}.Debug|Any CPU.Build.0 = Debug|Any CPU
		{A373C782-A2CE-7F41-4150-4DF32758BF80}.Release|Any CPU.ActiveCfg = Release|Any CPU
		{A373C782-A2CE-7F41-4150-4DF32758BF80}.Release|Any CPU.Build.0 = Release|Any CPU
		{FB0632B0-FD1F-47B1-9DA5-EECA031CF54C}.Debug|Any CPU.ActiveCfg = Debug|Any CPU
		{FB0632B0-FD1F-47B1-9DA5-EECA031CF54C}.Debug|Any CPU.Build.0 = Debug|Any CPU
		{FB0632B0-FD1F-47B1-9DA5-EECA031CF54C}.Release|Any CPU.ActiveCfg = Release|Any CPU
		{FB0632B0-FD1F-47B1-9DA5-EECA031CF54C}.Release|Any CPU.Build.0 = Release|Any CPU
		{B78DE255-0F22-CC5C-3B3B-165BFC188705}.Debug|Any CPU.ActiveCfg = Debug|Any CPU
		{B78DE255-0F22-CC5C-3B3B-165BFC188705}.Debug|Any CPU.Build.0 = Debug|Any CPU
		{B78DE255-0F22-CC5C-3B3B-165BFC188705}.Release|Any CPU.ActiveCfg = Release|Any CPU
		{B78DE255-0F22-CC5C-3B3B-165BFC188705}.Release|Any CPU.Build.0 = Release|Any CPU
		{30FB32DB-78AD-E72C-F468-7D4BBEA9C6DC}.Debug|Any CPU.ActiveCfg = Debug|Any CPU
		{30FB32DB-78AD-E72C-F468-7D4BBEA9C6DC}.Debug|Any CPU.Build.0 = Debug|Any CPU
		{30FB32DB-78AD-E72C-F468-7D4BBEA9C6DC}.Release|Any CPU.ActiveCfg = Release|Any CPU
		{30FB32DB-78AD-E72C-F468-7D4BBEA9C6DC}.Release|Any CPU.Build.0 = Release|Any CPU
		{88D59318-6A4D-225D-05E7-939B94424220}.Debug|Any CPU.ActiveCfg = Debug|Any CPU
		{88D59318-6A4D-225D-05E7-939B94424220}.Debug|Any CPU.Build.0 = Debug|Any CPU
		{88D59318-6A4D-225D-05E7-939B94424220}.Release|Any CPU.ActiveCfg = Release|Any CPU
		{88D59318-6A4D-225D-05E7-939B94424220}.Release|Any CPU.Build.0 = Release|Any CPU
		{CED9D858-ABD8-6F53-5A6B-4E05E856DAFC}.Debug|Any CPU.ActiveCfg = Debug|Any CPU
		{CED9D858-ABD8-6F53-5A6B-4E05E856DAFC}.Debug|Any CPU.Build.0 = Debug|Any CPU
		{CED9D858-ABD8-6F53-5A6B-4E05E856DAFC}.Release|Any CPU.ActiveCfg = Release|Any CPU
		{CED9D858-ABD8-6F53-5A6B-4E05E856DAFC}.Release|Any CPU.Build.0 = Release|Any CPU
		{DABD6AA9-C1BF-8D88-1E15-4C7978355A10}.Debug|Any CPU.ActiveCfg = Debug|Any CPU
		{DABD6AA9-C1BF-8D88-1E15-4C7978355A10}.Debug|Any CPU.Build.0 = Debug|Any CPU
		{DABD6AA9-C1BF-8D88-1E15-4C7978355A10}.Release|Any CPU.ActiveCfg = Release|Any CPU
		{DABD6AA9-C1BF-8D88-1E15-4C7978355A10}.Release|Any CPU.Build.0 = Release|Any CPU
		{6F4F73D5-6FE8-280D-0835-58A9FF8E9E9E}.Debug|Any CPU.ActiveCfg = Debug|Any CPU
		{6F4F73D5-6FE8-280D-0835-58A9FF8E9E9E}.Debug|Any CPU.Build.0 = Debug|Any CPU
		{6F4F73D5-6FE8-280D-0835-58A9FF8E9E9E}.Release|Any CPU.ActiveCfg = Release|Any CPU
		{6F4F73D5-6FE8-280D-0835-58A9FF8E9E9E}.Release|Any CPU.Build.0 = Release|Any CPU
	EndGlobalSection
	GlobalSection(SolutionProperties) = preSolution
		HideSolutionNode = FALSE
	EndGlobalSection
EndGlobal
