
Microsoft Visual Studio Solution File, Format Version 11.00
# Visual Studio 2010
Project("{FAE04EC0-301F-11D3-BF4B-00C04F79EFBC}") = "Assembly-CSharp", "Assembly-CSharp.csproj", "{67ED0134-933B-1F50-51FC-DEF6FEE3E823}"
EndProject
Project("{FAE04EC0-301F-11D3-BF4B-00C04F79EFBC}") = "PhotonUnityNetworking.Utilities", "PhotonUnityNetworking.Utilities.csproj", "{6310AE31-00BF-7833-BDC7-61F6EEEB4A13}"
EndProject
Project("{FAE04EC0-301F-11D3-BF4B-00C04F79EFBC}") = "PhotonUnityNetworking", "PhotonUnityNetworking.csproj", "{26F89160-965A-DD89-C648-16999C68BF89}"
EndProject
Project("{FAE04EC0-301F-11D3-BF4B-00C04F79EFBC}") = "PhotonWebSocket", "PhotonWebSocket.csproj", "{7871D5A2-8FD8-C883-C246-38618EBE562E}"
EndProject
Project("{FAE04EC0-301F-11D3-BF4B-00C04F79EFBC}") = "PhotonRealtime", "PhotonRealtime.csproj", "{978FF4EF-4E84-500A-D405-3CF81D3408F7}"
EndProject
Project("{FAE04EC0-301F-11D3-BF4B-00C04F79EFBC}") = "PhotonUnityNetworking.Editor", "PhotonUnityNetworking.Editor.csproj", "{F4FE0D3B-6776-9B4C-E505-640818C98A7B}"
EndProject
Project("{FAE04EC0-301F-11D3-BF4B-00C04F79EFBC}") = "Assembly-CSharp-Editor", "Assembly-CSharp-Editor.csproj", "{10661985-135B-7A3A-EB39-3B539E3E24BC}"
EndProject
Project("{FAE04EC0-301F-11D3-BF4B-00C04F79EFBC}") = "PhotonUnityNetworking.Utilities.PhotonPlayer.Editor", "PhotonUnityNetworking.Utilities.PhotonPlayer.Editor.csproj", "{5FB37C52-A757-4160-BA57-AF74D790DC5E}"
EndProject
Project("{FAE04EC0-301F-11D3-BF4B-00C04F79EFBC}") = "PhotonUnityNetworking.Utilities.Culling.Editor", "PhotonUnityNetworking.Utilities.Culling.Editor.csproj", "{E8598571-7E80-E1A1-E4F8-E3BC085BD2D3}"
EndProject
Global
	GlobalSection(SolutionConfigurationPlatforms) = preSolution
		Debug|Any CPU = Debug|Any CPU
		Release|Any CPU = Release|Any CPU
	EndGlobalSection
	GlobalSection(ProjectConfigurationPlatforms) = postSolution
		{67ED0134-933B-1F50-51FC-DEF6FEE3E823}.Debug|Any CPU.ActiveCfg = Debug|Any CPU
		{67ED0134-933B-1F50-51FC-DEF6FEE3E823}.Debug|Any CPU.Build.0 = Debug|Any CPU
		{67ED0134-933B-1F50-51FC-DEF6FEE3E823}.Release|Any CPU.ActiveCfg = Release|Any CPU
		{67ED0134-933B-1F50-51FC-DEF6FEE3E823}.Release|Any CPU.Build.0 = Release|Any CPU
		{6310AE31-00BF-7833-BDC7-61F6EEEB4A13}.Debug|Any CPU.ActiveCfg = Debug|Any CPU
		{6310AE31-00BF-7833-BDC7-61F6EEEB4A13}.Debug|Any CPU.Build.0 = Debug|Any CPU
		{6310AE31-00BF-7833-BDC7-61F6EEEB4A13}.Release|Any CPU.ActiveCfg = Release|Any CPU
		{6310AE31-00BF-7833-BDC7-61F6EEEB4A13}.Release|Any CPU.Build.0 = Release|Any CPU
		{26F89160-965A-DD89-C648-16999C68BF89}.Debug|Any CPU.ActiveCfg = Debug|Any CPU
		{26F89160-965A-DD89-C648-16999C68BF89}.Debug|Any CPU.Build.0 = Debug|Any CPU
		{26F89160-965A-DD89-C648-16999C68BF89}.Release|Any CPU.ActiveCfg = Release|Any CPU
		{26F89160-965A-DD89-C648-16999C68BF89}.Release|Any CPU.Build.0 = Release|Any CPU
		{7871D5A2-8FD8-C883-C246-38618EBE562E}.Debug|Any CPU.ActiveCfg = Debug|Any CPU
		{7871D5A2-8FD8-C883-C246-38618EBE562E}.Debug|Any CPU.Build.0 = Debug|Any CPU
		{7871D5A2-8FD8-C883-C246-38618EBE562E}.Release|Any CPU.ActiveCfg = Release|Any CPU
		{7871D5A2-8FD8-C883-C246-38618EBE562E}.Release|Any CPU.Build.0 = Release|Any CPU
		{978FF4EF-4E84-500A-D405-3CF81D3408F7}.Debug|Any CPU.ActiveCfg = Debug|Any CPU
		{978FF4EF-4E84-500A-D405-3CF81D3408F7}.Debug|Any CPU.Build.0 = Debug|Any CPU
		{978FF4EF-4E84-500A-D405-3CF81D3408F7}.Release|Any CPU.ActiveCfg = Release|Any CPU
		{978FF4EF-4E84-500A-D405-3CF81D3408F7}.Release|Any CPU.Build.0 = Release|Any CPU
		{F4FE0D3B-6776-9B4C-E505-640818C98A7B}.Debug|Any CPU.ActiveCfg = Debug|Any CPU
		{F4FE0D3B-6776-9B4C-E505-640818C98A7B}.Debug|Any CPU.Build.0 = Debug|Any CPU
		{F4FE0D3B-6776-9B4C-E505-640818C98A7B}.Release|Any CPU.ActiveCfg = Release|Any CPU
		{F4FE0D3B-6776-9B4C-E505-640818C98A7B}.Release|Any CPU.Build.0 = Release|Any CPU
		{10661985-135B-7A3A-EB39-3B539E3E24BC}.Debug|Any CPU.ActiveCfg = Debug|Any CPU
		{10661985-135B-7A3A-EB39-3B539E3E24BC}.Debug|Any CPU.Build.0 = Debug|Any CPU
		{10661985-135B-7A3A-EB39-3B539E3E24BC}.Release|Any CPU.ActiveCfg = Release|Any CPU
		{10661985-135B-7A3A-EB39-3B539E3E24BC}.Release|Any CPU.Build.0 = Release|Any CPU
		{5FB37C52-A757-4160-BA57-AF74D790DC5E}.Debug|Any CPU.ActiveCfg = Debug|Any CPU
		{5FB37C52-A757-4160-BA57-AF74D790DC5E}.Debug|Any CPU.Build.0 = Debug|Any CPU
		{5FB37C52-A757-4160-BA57-AF74D790DC5E}.Release|Any CPU.ActiveCfg = Release|Any CPU
		{5FB37C52-A757-4160-BA57-AF74D790DC5E}.Release|Any CPU.Build.0 = Release|Any CPU
		{E8598571-7E80-E1A1-E4F8-E3BC085BD2D3}.Debug|Any CPU.ActiveCfg = Debug|Any CPU
		{E8598571-7E80-E1A1-E4F8-E3BC085BD2D3}.Debug|Any CPU.Build.0 = Debug|Any CPU
		{E8598571-7E80-E1A1-E4F8-E3BC085BD2D3}.Release|Any CPU.ActiveCfg = Release|Any CPU
		{E8598571-7E80-E1A1-E4F8-E3BC085BD2D3}.Release|Any CPU.Build.0 = Release|Any CPU
	EndGlobalSection
	GlobalSection(SolutionProperties) = preSolution
		HideSolutionNode = FALSE
	EndGlobalSection
EndGlobal
