
Microsoft Visual Studio Solution File, Format Version 11.00
# Visual Studio 2010
Project("{FAE04EC0-301F-11D3-BF4B-00C04F79EFBC}") = "Assembly-CSharp", "Assembly-CSharp.csproj", "{3401ed67-3b93-501f-51fc-def6fee3e823}"
EndProject
Project("{FAE04EC0-301F-11D3-BF4B-00C04F79EFBC}") = "PhotonUnityNetworking.Utilities", "PhotonUnityNetworking.Utilities.csproj", "{31ae1063-bf00-3378-bdc7-61f6eeeb4a13}"
EndProject
Project("{FAE04EC0-301F-11D3-BF4B-00C04F79EFBC}") = "PhotonUnityNetworking", "PhotonUnityNetworking.csproj", "{6091f826-5a96-89dd-c648-16999c68bf89}"
EndProject
Project("{FAE04EC0-301F-11D3-BF4B-00C04F79EFBC}") = "PhotonRealtime", "PhotonRealtime.csproj", "{eff48f97-844e-0a50-d405-3cf81d3408f7}"
EndProject
Project("{FAE04EC0-301F-11D3-BF4B-00C04F79EFBC}") = "PhotonWebSocket", "PhotonWebSocket.csproj", "{a2d57178-d88f-83c8-c246-38618ebe562e}"
EndProject
Project("{FAE04EC0-301F-11D3-BF4B-00C04F79EFBC}") = "Assembly-CSharp-Editor", "Assembly-CSharp-Editor.csproj", "{85196610-5b13-3a7a-eb39-3b539e3e24bc}"
EndProject
Project("{FAE04EC0-301F-11D3-BF4B-00C04F79EFBC}") = "PhotonUnityNetworking.Editor", "PhotonUnityNetworking.Editor.csproj", "{3b0dfef4-7667-4c9b-e505-640818c98a7b}"
EndProject
Project("{FAE04EC0-301F-11D3-BF4B-00C04F79EFBC}") = "PhotonUnityNetworking.Utilities.PhotonPlayer.Editor", "PhotonUnityNetworking.Utilities.PhotonPlayer.Editor.csproj", "{527cb35f-57a7-6041-ba57-af74d790dc5e}"
EndProject
Project("{FAE04EC0-301F-11D3-BF4B-00C04F79EFBC}") = "PhotonUnityNetworking.Utilities.Culling.Editor", "PhotonUnityNetworking.Utilities.Culling.Editor.csproj", "{718559e8-807e-a1e1-e4f8-e3bc085bd2d3}"
EndProject
Global
	GlobalSection(SolutionConfigurationPlatforms) = preSolution
		Debug|Any CPU = Debug|Any CPU
	EndGlobalSection
	GlobalSection(ProjectConfigurationPlatforms) = postSolution
		{3401ed67-3b93-501f-51fc-def6fee3e823}.Debug|Any CPU.ActiveCfg = Debug|Any CPU
		{3401ed67-3b93-501f-51fc-def6fee3e823}.Debug|Any CPU.Build.0 = Debug|Any CPU
		{31ae1063-bf00-3378-bdc7-61f6eeeb4a13}.Debug|Any CPU.ActiveCfg = Debug|Any CPU
		{31ae1063-bf00-3378-bdc7-61f6eeeb4a13}.Debug|Any CPU.Build.0 = Debug|Any CPU
		{6091f826-5a96-89dd-c648-16999c68bf89}.Debug|Any CPU.ActiveCfg = Debug|Any CPU
		{6091f826-5a96-89dd-c648-16999c68bf89}.Debug|Any CPU.Build.0 = Debug|Any CPU
		{eff48f97-844e-0a50-d405-3cf81d3408f7}.Debug|Any CPU.ActiveCfg = Debug|Any CPU
		{eff48f97-844e-0a50-d405-3cf81d3408f7}.Debug|Any CPU.Build.0 = Debug|Any CPU
		{a2d57178-d88f-83c8-c246-38618ebe562e}.Debug|Any CPU.ActiveCfg = Debug|Any CPU
		{a2d57178-d88f-83c8-c246-38618ebe562e}.Debug|Any CPU.Build.0 = Debug|Any CPU
		{85196610-5b13-3a7a-eb39-3b539e3e24bc}.Debug|Any CPU.ActiveCfg = Debug|Any CPU
		{85196610-5b13-3a7a-eb39-3b539e3e24bc}.Debug|Any CPU.Build.0 = Debug|Any CPU
		{3b0dfef4-7667-4c9b-e505-640818c98a7b}.Debug|Any CPU.ActiveCfg = Debug|Any CPU
		{3b0dfef4-7667-4c9b-e505-640818c98a7b}.Debug|Any CPU.Build.0 = Debug|Any CPU
		{527cb35f-57a7-6041-ba57-af74d790dc5e}.Debug|Any CPU.ActiveCfg = Debug|Any CPU
		{527cb35f-57a7-6041-ba57-af74d790dc5e}.Debug|Any CPU.Build.0 = Debug|Any CPU
		{718559e8-807e-a1e1-e4f8-e3bc085bd2d3}.Debug|Any CPU.ActiveCfg = Debug|Any CPU
		{718559e8-807e-a1e1-e4f8-e3bc085bd2d3}.Debug|Any CPU.Build.0 = Debug|Any CPU
	EndGlobalSection
	GlobalSection(SolutionProperties) = preSolution
		HideSolutionNode = FALSE
	EndGlobalSection
EndGlobal
